{
  "lockfile_version": "1",
  "packages": {
    "clusterctl@latest": {
      "last_modified": "2025-06-01T15:36:18Z",
      "resolved": "github:NixOS/nixpkgs/5929de975bcf4c7c8d8b5ca65c8cd9ef9e44523e#clusterctl",
      "source": "devbox-search",
      "version": "1.10.2",
      "systems": {
        "aarch64-darwin": {
          "outputs": [
            {
              "name": "out",
              "path": "/nix/store/skspflv70sg6vyps8ypbb0klars882qd-clusterctl-1.10.2",
              "default": true
            }
          ],
          "store_path": "/nix/store/skspflv70sg6vyps8ypbb0klars882qd-clusterctl-1.10.2"
        },
        "aarch64-linux": {
          "outputs": [
            {
              "name": "out",
              "path": "/nix/store/yhp4h2yq1vk0nal016sr2sgks0fbc68y-clusterctl-1.10.2",
              "default": true
            }
          ],
          "store_path": "/nix/store/yhp4h2yq1vk0nal016sr2sgks0fbc68y-clusterctl-1.10.2"
        },
        "x86_64-darwin": {
          "outputs": [
            {
              "name": "out",
              "path": "/nix/store/7bk07f42xv4gnwy7ywlpsbqz4qi8jnpm-clusterctl-1.10.2",
              "default": true
            }
          ],
          "store_path": "/nix/store/7bk07f42xv4gnwy7ywlpsbqz4qi8jnpm-clusterctl-1.10.2"
        },
        "x86_64-linux": {
          "outputs": [
            {
              "name": "out",
              "path": "/nix/store/4g1hgs0hg639yxvfhqqpyxc8d4x5waid-clusterctl-1.10.2",
              "default": true
            }
          ],
          "store_path": "/nix/store/4g1hgs0hg639yxvfhqqpyxc8d4x5waid-clusterctl-1.10.2"
        }
      }
    },
    "github:NixOS/nixpkgs/nixpkgs-unstable": {
      "last_modified": "2025-06-02T09:36:13Z",
      "resolved": "github:NixOS/nixpkgs/e4b09e47ace7d87de083786b404bf232eb6c89d8?lastModified=1748856973&narHash=sha256-RlTsJUvvr8ErjPBsiwrGbbHYW8XbB%2Foek0Gi78XdWKg%3D"
    },
    "go-task@latest": {
      "last_modified": "2025-05-16T20:19:48Z",
      "resolved": "github:NixOS/nixpkgs/12a55407652e04dcf2309436eb06fef0d3713ef3#go-task",
      "source": "devbox-search",
      "version": "3.43.3",
      "systems": {
        "aarch64-darwin": {
          "outputs": [
            {
              "name": "out",
              "path": "/nix/store/5h0ykqayf8kfxwqlawzxvm05hlq7n22c-go-task-3.43.3",
              "default": true
            }
          ],
          "store_path": "/nix/store/5h0ykqayf8kfxwqlawzxvm05hlq7n22c-go-task-3.43.3"
        },
        "aarch64-linux": {
          "outputs": [
            {
              "name": "out",
              "path": "/nix/store/xxl2rg7k3c95gk5s0kwj8p8055r4yldf-go-task-3.43.3",
              "default": true
            }
          ],
          "store_path": "/nix/store/xxl2rg7k3c95gk5s0kwj8p8055r4yldf-go-task-3.43.3"
        },
        "x86_64-darwin": {
          "outputs": [
            {
              "name": "out",
              "path": "/nix/store/4az7i4f6lm4ss77wnf8kklkr21hrfhns-go-task-3.43.3",
              "default": true
            }
          ],
          "store_path": "/nix/store/4az7i4f6lm4ss77wnf8kklkr21hrfhns-go-task-3.43.3"
        },
        "x86_64-linux": {
          "outputs": [
            {
              "name": "out",
              "path": "/nix/store/gjdgw1zhvl9hl7mmiw6ncpnpmpxlk2yb-go-task-3.43.3",
              "default": true
            }
          ],
          "store_path": "/nix/store/gjdgw1zhvl9hl7mmiw6ncpnpmpxlk2yb-go-task-3.43.3"
        }
      }
    },
    "kind@latest": {
      "last_modified": "2025-05-16T20:19:48Z",
      "resolved": "github:NixOS/nixpkgs/12a55407652e04dcf2309436eb06fef0d3713ef3#kind",
      "source": "devbox-search",
      "version": "0.27.0",
      "systems": {
        "aarch64-darwin": {
          "outputs": [
            {
              "name": "out",
              "path": "/nix/store/hxi2yz0v53i2vdjgrpiiw5f1l1xrn8ra-kind-0.27.0",
              "default": true
            }
          ],
          "store_path": "/nix/store/hxi2yz0v53i2vdjgrpiiw5f1l1xrn8ra-kind-0.27.0"
        },
        "aarch64-linux": {
          "outputs": [
            {
              "name": "out",
              "path": "/nix/store/0sa4hv12sq8q3m73g2kdav18yb0jbnmm-kind-0.27.0",
              "default": true
            }
          ],
          "store_path": "/nix/store/0sa4hv12sq8q3m73g2kdav18yb0jbnmm-kind-0.27.0"
        },
        "x86_64-darwin": {
          "outputs": [
            {
              "name": "out",
              "path": "/nix/store/dkm6ibjbk5ra51cvr637iy2gfcrlbqp0-kind-0.27.0",
              "default": true
            }
          ],
          "store_path": "/nix/store/dkm6ibjbk5ra51cvr637iy2gfcrlbqp0-kind-0.27.0"
        },
        "x86_64-linux": {
          "outputs": [
            {
              "name": "out",
              "path": "/nix/store/1f4qk0ga3550d8w4lvqvrf5jrjz59kdy-kind-0.27.0",
              "default": true
            }
          ],
          "store_path": "/nix/store/1f4qk0ga3550d8w4lvqvrf5jrjz59kdy-kind-0.27.0"
        }
      }
    },
    "kubectl@latest": {
      "last_modified": "2025-05-24T21:46:02Z",
      "resolved": "github:NixOS/nixpkgs/edb3633f9100d9277d1c9af245a4e9337a980c07#kubectl",
      "source": "devbox-search",
      "version": "1.33.1",
      "systems": {
        "aarch64-darwin": {
          "outputs": [
            {
              "name": "out",
              "path": "/nix/store/vcq5gsn9rp26xbz14b5b2fd8map8qnvj-kubectl-1.33.1",
              "default": true
            },
            {
              "name": "man",
              "path": "/nix/store/20v8bx884m4i34zdkksdq5qpkm966m65-kubectl-1.33.1-man",
              "default": true
            },
            {
              "name": "convert",
              "path": "/nix/store/cjm9i86w7is18g3cpsgfc0c3jmsnp0s8-kubectl-1.33.1-convert"
            }
          ],
          "store_path": "/nix/store/vcq5gsn9rp26xbz14b5b2fd8map8qnvj-kubectl-1.33.1"
        },
        "aarch64-linux": {
          "outputs": [
            {
              "name": "out",
              "path": "/nix/store/m8406nxn25y7a80jxq6mdk70p1xl8xrc-kubectl-1.33.1",
              "default": true
            },
            {
              "name": "man",
              "path": "/nix/store/gy8hdpwiqcy35zp0a9imbv4fqqy3cwn8-kubectl-1.33.1-man",
              "default": true
            },
            {
              "name": "convert",
              "path": "/nix/store/kh7b55lvpwfrdfbq3qrzcj9qjanfqn7c-kubectl-1.33.1-convert"
            }
          ],
          "store_path": "/nix/store/m8406nxn25y7a80jxq6mdk70p1xl8xrc-kubectl-1.33.1"
        },
        "x86_64-darwin": {
          "outputs": [
            {
              "name": "out",
              "path": "/nix/store/g8r4y54jpdyrvnrbhqyg60sr1wpqx0ff-kubectl-1.33.1",
              "default": true
            },
            {
              "name": "man",
              "path": "/nix/store/0n7ik9w8sjrhanv7yb1ijhwyawx7xcz2-kubectl-1.33.1-man",
              "default": true
            },
            {
              "name": "convert",
              "path": "/nix/store/fdpw2205wf6qq7h271nzbhxdmx561vq0-kubectl-1.33.1-convert"
            }
          ],
          "store_path": "/nix/store/g8r4y54jpdyrvnrbhqyg60sr1wpqx0ff-kubectl-1.33.1"
        },
        "x86_64-linux": {
          "outputs": [
            {
              "name": "out",
              "path": "/nix/store/lrfm3r4z5iqyn5fqf085bdyp7b5ghhdr-kubectl-1.33.1",
              "default": true
            },
            {
              "name": "man",
              "path": "/nix/store/hhank6pxbzwzm6b6gphpc1rj2jjdpmmk-kubectl-1.33.1-man",
              "default": true
            },
            {
              "name": "convert",
              "path": "/nix/store/yqlm8fmchxsxzica482r16sfm8x84hck-kubectl-1.33.1-convert"
            }
          ],
          "store_path": "/nix/store/lrfm3r4z5iqyn5fqf085bdyp7b5ghhdr-kubectl-1.33.1"
        }
      }
    },
    "kubectx@latest": {
      "last_modified": "2025-05-16T20:19:48Z",
      "resolved": "github:NixOS/nixpkgs/12a55407652e04dcf2309436eb06fef0d3713ef3#kubectx",
      "source": "devbox-search",
      "version": "0.9.5",
      "systems": {
        "aarch64-darwin": {
          "outputs": [
            {
              "name": "out",
              "path": "/nix/store/v95vwkbic2zsbah72ax8zqppmaaglhg3-kubectx-0.9.5",
              "default": true
            }
          ],
          "store_path": "/nix/store/v95vwkbic2zsbah72ax8zqppmaaglhg3-kubectx-0.9.5"
        },
        "aarch64-linux": {
          "outputs": [
            {
              "name": "out",
              "path": "/nix/store/cknyw01hrqgw7hl5z5hq4xhdm7z7cl5g-kubectx-0.9.5",
              "default": true
            }
          ],
          "store_path": "/nix/store/cknyw01hrqgw7hl5z5hq4xhdm7z7cl5g-kubectx-0.9.5"
        },
        "x86_64-darwin": {
          "outputs": [
            {
              "name": "out",
              "path": "/nix/store/79h8kfnc06r75h7fk5v6wfwjci5kkwmb-kubectx-0.9.5",
              "default": true
            }
          ],
          "store_path": "/nix/store/79h8kfnc06r75h7fk5v6wfwjci5kkwmb-kubectx-0.9.5"
        },
        "x86_64-linux": {
          "outputs": [
            {
              "name": "out",
              "path": "/nix/store/cqwhwxb7iyfm31imc6v68p9655nmzzys-kubectx-0.9.5",
              "default": true
            }
          ],
          "store_path": "/nix/store/cqwhwxb7iyfm31imc6v68p9655nmzzys-kubectx-0.9.5"
        }
      }
    },
    "kubernetes-helm@latest": {
      "last_modified": "2025-05-16T20:19:48Z",
      "resolved": "github:NixOS/nixpkgs/12a55407652e04dcf2309436eb06fef0d3713ef3#kubernetes-helm",
      "source": "devbox-search",
      "version": "3.17.3",
      "systems": {
        "aarch64-darwin": {
          "outputs": [
            {
              "name": "out",
              "path": "/nix/store/mg9rya9swd6lymmarlgjmx2m037ydngc-kubernetes-helm-3.17.3",
              "default": true
            }
          ],
          "store_path": "/nix/store/mg9rya9swd6lymmarlgjmx2m037ydngc-kubernetes-helm-3.17.3"
        },
        "aarch64-linux": {
          "outputs": [
            {
              "name": "out",
              "path": "/nix/store/kd9x5i47ydamzw514a6lc6r1i0ybiygn-kubernetes-helm-3.17.3",
              "default": true
            }
          ],
          "store_path": "/nix/store/kd9x5i47ydamzw514a6lc6r1i0ybiygn-kubernetes-helm-3.17.3"
        },
        "x86_64-darwin": {
          "outputs": [
            {
              "name": "out",
              "path": "/nix/store/kiy0fscxlhdyy1v7rj290g0vbwa62m3i-kubernetes-helm-3.17.3",
              "default": true
            }
          ],
          "store_path": "/nix/store/kiy0fscxlhdyy1v7rj290g0vbwa62m3i-kubernetes-helm-3.17.3"
        },
        "x86_64-linux": {
          "outputs": [
            {
              "name": "out",
              "path": "/nix/store/z8fh9w8y3hlckw7zqi29hgfz0x5gyi0s-kubernetes-helm-3.17.3",
              "default": true
            }
          ],
          "store_path": "/nix/store/z8fh9w8y3hlckw7zqi29hgfz0x5gyi0s-kubernetes-helm-3.17.3"
        }
      }
    },
    "ripgrep@latest": {
      "last_modified": "2025-05-16T20:19:48Z",
      "resolved": "github:NixOS/nixpkgs/12a55407652e04dcf2309436eb06fef0d3713ef3#ripgrep",
      "source": "devbox-search",
      "version": "14.1.1",
      "systems": {
        "aarch64-darwin": {
          "outputs": [
            {
              "name": "out",
              "path": "/nix/store/7sm130rzasd97g50bclmbdvn0s6fdprs-ripgrep-14.1.1",
              "default": true
            }
          ],
          "store_path": "/nix/store/7sm130rzasd97g50bclmbdvn0s6fdprs-ripgrep-14.1.1"
        },
        "aarch64-linux": {
          "outputs": [
            {
              "name": "out",
              "path": "/nix/store/qlxihgr9kihx2irnf2y3y4ra0m7v5dvd-ripgrep-14.1.1",
              "default": true
            }
          ],
          "store_path": "/nix/store/qlxihgr9kihx2irnf2y3y4ra0m7v5dvd-ripgrep-14.1.1"
        },
        "x86_64-darwin": {
          "outputs": [
            {
              "name": "out",
              "path": "/nix/store/y4z3ny6dlkak2n00ycnmaywf71pfvsk6-ripgrep-14.1.1",
              "default": true
            }
          ],
          "store_path": "/nix/store/y4z3ny6dlkak2n00ycnmaywf71pfvsk6-ripgrep-14.1.1"
        },
        "x86_64-linux": {
          "outputs": [
            {
              "name": "out",
              "path": "/nix/store/b9a4bfrb23fv03ysmqwybqcsc7iw97jf-ripgrep-14.1.1",
              "default": true
            }
          ],
          "store_path": "/nix/store/b9a4bfrb23fv03ysmqwybqcsc7iw97jf-ripgrep-14.1.1"
        }
      }
    },
    "yq-go@latest": {
      "last_modified": "2025-05-16T20:19:48Z",
      "resolved": "github:NixOS/nixpkgs/12a55407652e04dcf2309436eb06fef0d3713ef3#yq-go",
      "source": "devbox-search",
      "version": "4.45.4",
      "systems": {
        "aarch64-darwin": {
          "outputs": [
            {
              "name": "out",
              "path": "/nix/store/g96y9nqsb1icgna225hbdir827mik8v5-yq-go-4.45.4",
              "default": true
            }
          ],
          "store_path": "/nix/store/g96y9nqsb1icgna225hbdir827mik8v5-yq-go-4.45.4"
        },
        "aarch64-linux": {
          "outputs": [
            {
              "name": "out",
              "path": "/nix/store/l6k9y7s4wl8ymcgyk84nhgjnziamy1jz-yq-go-4.45.4",
              "default": true
            }
          ],
          "store_path": "/nix/store/l6k9y7s4wl8ymcgyk84nhgjnziamy1jz-yq-go-4.45.4"
        },
        "x86_64-darwin": {
          "outputs": [
            {
              "name": "out",
              "path": "/nix/store/7xlp5q6f6lxinx31pccrfz6j8s4pmf1c-yq-go-4.45.4",
              "default": true
            }
          ],
          "store_path": "/nix/store/7xlp5q6f6lxinx31pccrfz6j8s4pmf1c-yq-go-4.45.4"
        },
        "x86_64-linux": {
          "outputs": [
            {
              "name": "out",
              "path": "/nix/store/kflpx5ihql91daz6qmgp6bg477aip48z-yq-go-4.45.4",
              "default": true
            }
          ],
          "store_path": "/nix/store/kflpx5ihql91daz6qmgp6bg477aip48z-yq-go-4.45.4"
        }
      }
    }
  }
}
