{
  "lockfile_version": "1",
  "packages": {
    "github:NixOS/nixpkgs/nixpkgs-unstable": {
      "last_modified": "2025-07-07T01:36:15Z",
      "resolved": "github:NixOS/nixpkgs/2defa37146df235ef62f566cde69930a86f14df1?lastModified=1751852175&narHash=sha256-%2BMLlfTCCOvz4K6AcSPbaPiFM9MYi7fA2Wr1ibmRwIlM%3D"
    },
    "kind@latest": {
      "last_modified": "2025-06-20T02:24:11Z",
      "resolved": "github:NixOS/nixpkgs/076e8c6678d8c54204abcb4b1b14c366835a58bb#kind",
      "source": "devbox-search",
      "version": "0.29.0",
      "systems": {
        "aarch64-darwin": {
          "outputs": [
            {
              "name": "out",
              "path": "/nix/store/ndl4z2y9nsn7n5ii7hs49ddg79p2pb6a-kind-0.29.0",
              "default": true
            }
          ],
          "store_path": "/nix/store/ndl4z2y9nsn7n5ii7hs49ddg79p2pb6a-kind-0.29.0"
        },
        "aarch64-linux": {
          "outputs": [
            {
              "name": "out",
              "path": "/nix/store/j9sdb4vkf9ck1kvfy8vvn17cq3a21s6a-kind-0.29.0",
              "default": true
            }
          ],
          "store_path": "/nix/store/j9sdb4vkf9ck1kvfy8vvn17cq3a21s6a-kind-0.29.0"
        },
        "x86_64-darwin": {
          "outputs": [
            {
              "name": "out",
              "path": "/nix/store/161h1s9n2260g2lr3dsjmfczv8gjx5q9-kind-0.29.0",
              "default": true
            }
          ],
          "store_path": "/nix/store/161h1s9n2260g2lr3dsjmfczv8gjx5q9-kind-0.29.0"
        },
        "x86_64-linux": {
          "outputs": [
            {
              "name": "out",
              "path": "/nix/store/swafyrx3qn2xjdz3sp7dy8pg7bxpfn3h-kind-0.29.0",
              "default": true
            }
          ],
          "store_path": "/nix/store/swafyrx3qn2xjdz3sp7dy8pg7bxpfn3h-kind-0.29.0"
        }
      }
    },
    "kubectl@latest": {
      "last_modified": "2025-06-24T02:18:21Z",
      "resolved": "github:NixOS/nixpkgs/69dfebb3d175bde602f612915c5576a41b18486b#kubectl",
      "source": "devbox-search",
      "version": "1.33.2",
      "systems": {
        "aarch64-darwin": {
          "outputs": [
            {
              "name": "out",
              "path": "/nix/store/3wkf3fdmr0fih985wfys1ww50bc3h7rw-kubectl-1.33.2",
              "default": true
            },
            {
              "name": "man",
              "path": "/nix/store/ak2m30yf18kkqmaya0ydpdjwn0zsxc4n-kubectl-1.33.2-man",
              "default": true
            },
            {
              "name": "convert",
              "path": "/nix/store/gv3hrpka75q4b7alipw8l17nfl3x8zsy-kubectl-1.33.2-convert"
            }
          ],
          "store_path": "/nix/store/3wkf3fdmr0fih985wfys1ww50bc3h7rw-kubectl-1.33.2"
        },
        "aarch64-linux": {
          "outputs": [
            {
              "name": "out",
              "path": "/nix/store/3kami7n1lmlnmsxkb9rw5wi5ifrxsspq-kubectl-1.33.2",
              "default": true
            },
            {
              "name": "man",
              "path": "/nix/store/5dks8ys8p6gxbihncwrsv14g7k57cqki-kubectl-1.33.2-man",
              "default": true
            },
            {
              "name": "convert",
              "path": "/nix/store/i6z2z31ys86fgv2d5hg1pqjkaxiz4nj4-kubectl-1.33.2-convert"
            }
          ],
          "store_path": "/nix/store/3kami7n1lmlnmsxkb9rw5wi5ifrxsspq-kubectl-1.33.2"
        },
        "x86_64-darwin": {
          "outputs": [
            {
              "name": "out",
              "path": "/nix/store/hxsqda44nbnpmmnycxj01pgaf8npdlbf-kubectl-1.33.2",
              "default": true
            },
            {
              "name": "man",
              "path": "/nix/store/hna89iqmim83bv2k7jv8rn51s1r0gn0s-kubectl-1.33.2-man",
              "default": true
            },
            {
              "name": "convert",
              "path": "/nix/store/06waawlgkz5sf3l1kmq2zghks2rh32sf-kubectl-1.33.2-convert"
            }
          ],
          "store_path": "/nix/store/hxsqda44nbnpmmnycxj01pgaf8npdlbf-kubectl-1.33.2"
        },
        "x86_64-linux": {
          "outputs": [
            {
              "name": "out",
              "path": "/nix/store/17hz4mgnd2s1x48x5plyg63q46xprywp-kubectl-1.33.2",
              "default": true
            },
            {
              "name": "man",
              "path": "/nix/store/1dlk3sma52pi5zzklqk6kgn1cq9fmlia-kubectl-1.33.2-man",
              "default": true
            },
            {
              "name": "convert",
              "path": "/nix/store/1c8nqwzjdxykbq49sgb8wpba6w2j0qx7-kubectl-1.33.2-convert"
            }
          ],
          "store_path": "/nix/store/17hz4mgnd2s1x48x5plyg63q46xprywp-kubectl-1.33.2"
        }
      }
    },
    "runme@latest": {
      "last_modified": "2025-06-24T02:18:21Z",
      "resolved": "github:NixOS/nixpkgs/69dfebb3d175bde602f612915c5576a41b18486b#runme",
      "source": "devbox-search",
      "version": "3.14.1",
      "systems": {
        "aarch64-darwin": {
          "outputs": [
            {
              "name": "out",
              "path": "/nix/store/r6wgx19fgffqpnncyh8lcqy9zmmkfchy-runme-3.14.1",
              "default": true
            }
          ],
          "store_path": "/nix/store/r6wgx19fgffqpnncyh8lcqy9zmmkfchy-runme-3.14.1"
        },
        "aarch64-linux": {
          "outputs": [
            {
              "name": "out",
              "path": "/nix/store/ycx5in4ccfc5vgxp4s2qv9apy88hi5vr-runme-3.14.1",
              "default": true
            }
          ],
          "store_path": "/nix/store/ycx5in4ccfc5vgxp4s2qv9apy88hi5vr-runme-3.14.1"
        },
        "x86_64-darwin": {
          "outputs": [
            {
              "name": "out",
              "path": "/nix/store/r95sawwvnyzyhy1hkr5r0gl98b19fhmh-runme-3.14.1",
              "default": true
            }
          ],
          "store_path": "/nix/store/r95sawwvnyzyhy1hkr5r0gl98b19fhmh-runme-3.14.1"
        },
        "x86_64-linux": {
          "outputs": [
            {
              "name": "out",
              "path": "/nix/store/adr0x30ps71kaac7wn5dyrgbzpxvgd0q-runme-3.14.1",
              "default": true
            }
          ],
          "store_path": "/nix/store/adr0x30ps71kaac7wn5dyrgbzpxvgd0q-runme-3.14.1"
        }
      }
    }
  }
}
